
Microsoft Visual Studio Solution File, Format Version 12.00
# Visual Studio Version 17
VisualStudioVersion = 17.10.35027.167
MinimumVisualStudioVersion = 10.0.40219.1
Project("{9A19103F-16F7-4668-BE54-9A1E7A4F7556}") = "AcademiaDoZe.Domain", "AcademiaDoZe.Domain\AcademiaDoZe.Domain.csproj", "{5563E6CB-6A9C-43F0-A6C2-3CE00D808ABB}"
EndProject
Project("{9A19103F-16F7-4668-BE54-9A1E7A4F7556}") = "AcademiaDoZe.Tests.Domain", "AcademiaDoZe.Tests.Domain\AcademiaDoZe.Tests.Domain.csproj", "{258DD353-3A44-4DEA-8286-CD2033F013AF}"
EndProject
Project("{9A19103F-16F7-4668-BE54-9A1E7A4F7556}") = "AcademiaDoZe.Infrastructure", "AcademiaDoZe.Infrastructure\AcademiaDoZe.Infrastructure.csproj", "{7E413E22-5BF7-499B-8025-C15BF50C5431}"
EndProject
Project("{9A19103F-16F7-4668-BE54-9A1E7A4F7556}") = "AcademiaDoZe.Infrastructure.Tests", "AcademiaDoZe.Infrastructure.Tests\AcademiaDoZe.Infrastructure.Tests.csproj", "{C8075B2C-1F79-49EE-BCCD-6855468CE048}"
EndProject
Project("{FAE04EC0-301F-11D3-BF4B-00C04F79EFBC}") = "AcademiaDoZe.Application", "AcademiaDoZe.Application\AcademiaDoZe.Application.csproj", "{2BB68826-4A82-47E6-AAFB-8823B8C08CD1}"
EndProject
Project("{FAE04EC0-301F-11D3-BF4B-00C04F79EFBC}") = "AcademiaDoZe.Presentation.AppMauii", "AcademiaDoZe.Presentation.AppMauii\AcademiaDoZe.Presentation.AppMauii.csproj", "{13CE3A94-1A42-4721-8F47-074C363A610C}"
EndProject
Global
	GlobalSection(SolutionConfigurationPlatforms) = preSolution
		Debug|Any CPU = Debug|Any CPU
		Release|Any CPU = Release|Any CPU
	EndGlobalSection
	GlobalSection(ProjectConfigurationPlatforms) = postSolution
		{5563E6CB-6A9C-43F0-A6C2-3CE00D808ABB}.Debug|Any CPU.ActiveCfg = Debug|Any CPU
		{5563E6CB-6A9C-43F0-A6C2-3CE00D808ABB}.Debug|Any CPU.Build.0 = Debug|Any CPU
		{5563E6CB-6A9C-43F0-A6C2-3CE00D808ABB}.Release|Any CPU.ActiveCfg = Release|Any CPU
		{5563E6CB-6A9C-43F0-A6C2-3CE00D808ABB}.Release|Any CPU.Build.0 = Release|Any CPU
		{258DD353-3A44-4DEA-8286-CD2033F013AF}.Debug|Any CPU.ActiveCfg = Debug|Any CPU
		{258DD353-3A44-4DEA-8286-CD2033F013AF}.Debug|Any CPU.Build.0 = Debug|Any CPU
		{258DD353-3A44-4DEA-8286-CD2033F013AF}.Release|Any CPU.ActiveCfg = Release|Any CPU
		{258DD353-3A44-4DEA-8286-CD2033F013AF}.Release|Any CPU.Build.0 = Release|Any CPU
		{7E413E22-5BF7-499B-8025-C15BF50C5431}.Debug|Any CPU.ActiveCfg = Debug|Any CPU
		{7E413E22-5BF7-499B-8025-C15BF50C5431}.Debug|Any CPU.Build.0 = Debug|Any CPU
		{7E413E22-5BF7-499B-8025-C15BF50C5431}.Release|Any CPU.ActiveCfg = Release|Any CPU
		{7E413E22-5BF7-499B-8025-C15BF50C5431}.Release|Any CPU.Build.0 = Release|Any CPU
		{C8075B2C-1F79-49EE-BCCD-6855468CE048}.Debug|Any CPU.ActiveCfg = Debug|Any CPU
		{C8075B2C-1F79-49EE-BCCD-6855468CE048}.Debug|Any CPU.Build.0 = Debug|Any CPU
		{C8075B2C-1F79-49EE-BCCD-6855468CE048}.Release|Any CPU.ActiveCfg = Release|Any CPU
		{C8075B2C-1F79-49EE-BCCD-6855468CE048}.Release|Any CPU.Build.0 = Release|Any CPU
		{2BB68826-4A82-47E6-AAFB-8823B8C08CD1}.Debug|Any CPU.ActiveCfg = Debug|Any CPU
		{2BB68826-4A82-47E6-AAFB-8823B8C08CD1}.Debug|Any CPU.Build.0 = Debug|Any CPU
		{2BB68826-4A82-47E6-AAFB-8823B8C08CD1}.Release|Any CPU.ActiveCfg = Release|Any CPU
		{2BB68826-4A82-47E6-AAFB-8823B8C08CD1}.Release|Any CPU.Build.0 = Release|Any CPU
		{13CE3A94-1A42-4721-8F47-074C363A610C}.Debug|Any CPU.ActiveCfg = Debug|Any CPU
		{13CE3A94-1A42-4721-8F47-074C363A610C}.Debug|Any CPU.Build.0 = Debug|Any CPU
		{13CE3A94-1A42-4721-8F47-074C363A610C}.Debug|Any CPU.Deploy.0 = Debug|Any CPU
		{13CE3A94-1A42-4721-8F47-074C363A610C}.Release|Any CPU.ActiveCfg = Release|Any CPU
		{13CE3A94-1A42-4721-8F47-074C363A610C}.Release|Any CPU.Build.0 = Release|Any CPU
	EndGlobalSection
	GlobalSection(SolutionProperties) = preSolution
		HideSolutionNode = FALSE
	EndGlobalSection
	GlobalSection(ExtensibilityGlobals) = postSolution
		SolutionGuid = {2E998191-A676-441B-8973-618BFA5FDEC7}
	EndGlobalSection
EndGlobal
